// !$*UTF8*$!
{
	archiveVersion = 1;
	classes = {
	};
	objectVersion = 46;
	objects = {

/* Begin PBXBuildFile section */
		64FE47801DD7624F00C67FCC /* AppDelegate.swift in Sources */ = {isa = PBXBuildFile; fileRef = 64FE477F1DD7624F00C67FCC /* AppDelegate.swift */; };
		64FE47821DD7624F00C67FCC /* ViewController.swift in Sources */ = {isa = PBXBuildFile; fileRef = 64FE47811DD7624F00C67FCC /* ViewController.swift */; };
		64FE47851DD7624F00C67FCC /* Main.storyboard in Resources */ = {isa = PBXBuildFile; fileRef = 64FE47831DD7624F00C67FCC /* Main.storyboard */; };
		64FE47871DD7624F00C67FCC /* Assets.xcassets in Resources */ = {isa = PBXBuildFile; fileRef = 64FE47861DD7624F00C67FCC /* Assets.xcassets */; };
		64FE478A1DD7624F00C67FCC /* LaunchScreen.storyboard in Resources */ = {isa = PBXBuildFile; fileRef = 64FE47881DD7624F00C67FCC /* LaunchScreen.storyboard */; };
		64FE47951DD7625000C67FCC /* BPM_v3Tests.swift in Sources */ = {isa = PBXBuildFile; fileRef = 64FE47941DD7625000C67FCC /* BPM_v3Tests.swift */; };
		64FE47A01DD7625000C67FCC /* BPM_v3UITests.swift in Sources */ = {isa = PBXBuildFile; fileRef = 64FE479F1DD7625000C67FCC /* BPM_v3UITests.swift */; };
/* End PBXBuildFile section */

/* Begin PBXContainerItemProxy section */
		64FE47911DD7625000C67FCC /* PBXContainerItemProxy */ = {
			isa = PBXContainerItemProxy;
			containerPortal = 64FE47741DD7624F00C67FCC /* Project object */;
			proxyType = 1;
			remoteGlobalIDString = 64FE477B1DD7624F00C67FCC;
			remoteInfo = "BPM v3";
		};
		64FE479C1DD7625000C67FCC /* PBXContainerItemProxy */ = {
			isa = PBXContainerItemProxy;
			containerPortal = 64FE47741DD7624F00C67FCC /* Project object */;
			proxyType = 1;
			remoteGlobalIDString = 64FE477B1DD7624F00C67FCC;
			remoteInfo = "BPM v3";
		};
/* End PBXContainerItemProxy section */

/* Begin PBXFileReference section */
		64FE477C1DD7624F00C67FCC /* BPM v3.app */ = {isa = PBXFileReference; explicitFileType = wrapper.application; includeInIndex = 0; path = "BPM v3.app"; sourceTree = BUILT_PRODUCTS_DIR; };
		64FE477F1DD7624F00C67FCC /* AppDelegate.swift */ = {isa = PBXFileReference; lastKnownFileType = sourcecode.swift; path = AppDelegate.swift; sourceTree = "<group>"; };
		64FE47811DD7624F00C67FCC /* ViewController.swift */ = {isa = PBXFileReference; lastKnownFileType = sourcecode.swift; path = ViewController.swift; sourceTree = "<group>"; };
		64FE47841DD7624F00C67FCC /* Base */ = {isa = PBXFileReference; lastKnownFileType = file.storyboard; name = Base; path = Base.lproj/Main.storyboard; sourceTree = "<group>"; };
		64FE47861DD7624F00C67FCC /* Assets.xcassets */ = {isa = PBXFileReference; lastKnownFileType = folder.assetcatalog; path = Assets.xcassets; sourceTree = "<group>"; };
		64FE47891DD7624F00C67FCC /* Base */ = {isa = PBXFileReference; lastKnownFileType = file.storyboard; name = Base; path = Base.lproj/LaunchScreen.storyboard; sourceTree = "<group>"; };
		64FE478B1DD7624F00C67FCC /* Info.plist */ = {isa = PBXFileReference; lastKnownFileType = text.plist.xml; path = Info.plist; sourceTree = "<group>"; };
		64FE47901DD7625000C67FCC /* BPM v3Tests.xctest */ = {isa = PBXFileReference; explicitFileType = wrapper.cfbundle; includeInIndex = 0; path = "BPM v3Tests.xctest"; sourceTree = BUILT_PRODUCTS_DIR; };
		64FE47941DD7625000C67FCC /* BPM_v3Tests.swift */ = {isa = PBXFileReference; lastKnownFileType = sourcecode.swift; path = BPM_v3Tests.swift; sourceTree = "<group>"; };
		64FE47961DD7625000C67FCC /* Info.plist */ = {isa = PBXFileReference; lastKnownFileType = text.plist.xml; path = Info.plist; sourceTree = "<group>"; };
		64FE479B1DD7625000C67FCC /* BPM v3UITests.xctest */ = {isa = PBXFileReference; explicitFileType = wrapper.cfbundle; includeInIndex = 0; path = "BPM v3UITests.xctest"; sourceTree = BUILT_PRODUCTS_DIR; };
		64FE479F1DD7625000C67FCC /* BPM_v3UITests.swift */ = {isa = PBXFileReference; lastKnownFileType = sourcecode.swift; path = BPM_v3UITests.swift; sourceTree = "<group>"; };
		64FE47A11DD7625000C67FCC /* Info.plist */ = {isa = PBXFileReference; lastKnownFileType = text.plist.xml; path = Info.plist; sourceTree = "<group>"; };
/* End PBXFileReference section */

/* Begin PBXFrameworksBuildPhase section */
		64FE47791DD7624F00C67FCC /* Frameworks */ = {
			isa = PBXFrameworksBuildPhase;
			buildActionMask = 2147483647;
			files = (
			);
			runOnlyForDeploymentPostprocessing = 0;
		};
		64FE478D1DD7625000C67FCC /* Frameworks */ = {
			isa = PBXFrameworksBuildPhase;
			buildActionMask = 2147483647;
			files = (
			);
			runOnlyForDeploymentPostprocessing = 0;
		};
		64FE47981DD7625000C67FCC /* Frameworks */ = {
			isa = PBXFrameworksBuildPhase;
			buildActionMask = 2147483647;
			files = (
			);
			runOnlyForDeploymentPostprocessing = 0;
		};
/* End PBXFrameworksBuildPhase section */

/* Begin PBXGroup section */
		64FE47731DD7624F00C67FCC = {
			isa = PBXGroup;
			children = (
				64FE477E1DD7624F00C67FCC /* BPM v3 */,
				64FE47931DD7625000C67FCC /* BPM v3Tests */,
				64FE479E1DD7625000C67FCC /* BPM v3UITests */,
				64FE477D1DD7624F00C67FCC /* Products */,
			);
			sourceTree = "<group>";
		};
		64FE477D1DD7624F00C67FCC /* Products */ = {
			isa = PBXGroup;
			children = (
				64FE477C1DD7624F00C67FCC /* BPM v3.app */,
				64FE47901DD7625000C67FCC /* BPM v3Tests.xctest */,
				64FE479B1DD7625000C67FCC /* BPM v3UITests.xctest */,
			);
			name = Products;
			sourceTree = "<group>";
		};
		64FE477E1DD7624F00C67FCC /* BPM v3 */ = {
			isa = PBXGroup;
			children = (
				64FE477F1DD7624F00C67FCC /* AppDelegate.swift */,
				64FE47811DD7624F00C67FCC /* ViewController.swift */,
				64FE47831DD7624F00C67FCC /* Main.storyboard */,
				64FE47861DD7624F00C67FCC /* Assets.xcassets */,
				64FE47881DD7624F00C67FCC /* LaunchScreen.storyboard */,
				64FE478B1DD7624F00C67FCC /* Info.plist */,
			);
			path = "BPM v3";
			sourceTree = "<group>";
		};
		64FE47931DD7625000C67FCC /* BPM v3Tests */ = {
			isa = PBXGroup;
			children = (
				64FE47941DD7625000C67FCC /* BPM_v3Tests.swift */,
				64FE47961DD7625000C67FCC /* Info.plist */,
			);
			path = "BPM v3Tests";
			sourceTree = "<group>";
		};
		64FE479E1DD7625000C67FCC /* BPM v3UITests */ = {
			isa = PBXGroup;
			children = (
				64FE479F1DD7625000C67FCC /* BPM_v3UITests.swift */,
				64FE47A11DD7625000C67FCC /* Info.plist */,
			);
			path = "BPM v3UITests";
			sourceTree = "<group>";
		};
/* End PBXGroup section */

/* Begin PBXNativeTarget section */
		64FE477B1DD7624F00C67FCC /* BPM v3 */ = {
			isa = PBXNativeTarget;
			buildConfigurationList = 64FE47A41DD7625000C67FCC /* Build configuration list for PBXNativeTarget "BPM v3" */;
			buildPhases = (
				64FE47781DD7624F00C67FCC /* Sources */,
				64FE47791DD7624F00C67FCC /* Frameworks */,
				64FE477A1DD7624F00C67FCC /* Resources */,
			);
			buildRules = (
			);
			dependencies = (
			);
			name = "BPM v3";
			productName = "BPM v3";
			productReference = 64FE477C1DD7624F00C67FCC /* BPM v3.app */;
			productType = "com.apple.product-type.application";
		};
		64FE478F1DD7625000C67FCC /* BPM v3Tests */ = {
			isa = PBXNativeTarget;
			buildConfigurationList = 64FE47A71DD7625000C67FCC /* Build configuration list for PBXNativeTarget "BPM v3Tests" */;
			buildPhases = (
				64FE478C1DD7625000C67FCC /* Sources */,
				64FE478D1DD7625000C67FCC /* Frameworks */,
				64FE478E1DD7625000C67FCC /* Resources */,
			);
			buildRules = (
			);
			dependencies = (
				64FE47921DD7625000C67FCC /* PBXTargetDependency */,
			);
			name = "BPM v3Tests";
			productName = "BPM v3Tests";
			productReference = 64FE47901DD7625000C67FCC /* BPM v3Tests.xctest */;
			productType = "com.apple.product-type.bundle.unit-test";
		};
		64FE479A1DD7625000C67FCC /* BPM v3UITests */ = {
			isa = PBXNativeTarget;
			buildConfigurationList = 64FE47AA1DD7625000C67FCC /* Build configuration list for PBXNativeTarget "BPM v3UITests" */;
			buildPhases = (
				64FE47971DD7625000C67FCC /* Sources */,
				64FE47981DD7625000C67FCC /* Frameworks */,
				64FE47991DD7625000C67FCC /* Resources */,
			);
			buildRules = (
			);
			dependencies = (
				64FE479D1DD7625000C67FCC /* PBXTargetDependency */,
			);
			name = "BPM v3UITests";
			productName = "BPM v3UITests";
			productReference = 64FE479B1DD7625000C67FCC /* BPM v3UITests.xctest */;
			productType = "com.apple.product-type.bundle.ui-testing";
		};
/* End PBXNativeTarget section */

/* Begin PBXProject section */
		64FE47741DD7624F00C67FCC /* Project object */ = {
			isa = PBXProject;
			attributes = {
				LastSwiftUpdateCheck = 0810;
				LastUpgradeCheck = 0810;
				ORGANIZATIONNAME = "Kelly Huang";
				TargetAttributes = {
					64FE477B1DD7624F00C67FCC = {
						CreatedOnToolsVersion = 8.1;
						ProvisioningStyle = Automatic;
					};
					64FE478F1DD7625000C67FCC = {
						CreatedOnToolsVersion = 8.1;
						ProvisioningStyle = Automatic;
						TestTargetID = 64FE477B1DD7624F00C67FCC;
					};
					64FE479A1DD7625000C67FCC = {
						CreatedOnToolsVersion = 8.1;
						ProvisioningStyle = Automatic;
						TestTargetID = 64FE477B1DD7624F00C67FCC;
					};
				};
			};
			buildConfigurationList = 64FE47771DD7624F00C67FCC /* Build configuration list for PBXProject "BPM v3" */;
			compatibilityVersion = "Xcode 3.2";
			developmentRegion = English;
			hasScannedForEncodings = 0;
			knownRegions = (
				en,
				Base,
			);
			mainGroup = 64FE47731DD7624F00C67FCC;
			productRefGroup = 64FE477D1DD7624F00C67FCC /* Products */;
			projectDirPath = "";
			projectRoot = "";
			targets = (
				64FE477B1DD7624F00C67FCC /* BPM v3 */,
				64FE478F1DD7625000C67FCC /* BPM v3Tests */,
				64FE479A1DD7625000C67FCC /* BPM v3UITests */,
			);
		};
/* End PBXProject section */

/* Begin PBXResourcesBuildPhase section */
		64FE477A1DD7624F00C67FCC /* Resources */ = {
			isa = PBXResourcesBuildPhase;
			buildActionMask = 2147483647;
			files = (
				64FE478A1DD7624F00C67FCC /* LaunchScreen.storyboard in Resources */,
				64FE47871DD7624F00C67FCC /* Assets.xcassets in Resources */,
				64FE47851DD7624F00C67FCC /* Main.storyboard in Resources */,
			);
			runOnlyForDeploymentPostprocessing = 0;
		};
		64FE478E1DD7625000C67FCC /* Resources */ = {
			isa = PBXResourcesBuildPhase;
			buildActionMask = 2147483647;
			files = (
			);
			runOnlyForDeploymentPostprocessing = 0;
		};
		64FE47991DD7625000C67FCC /* Resources */ = {
			isa = PBXResourcesBuildPhase;
			buildActionMask = 2147483647;
			files = (
			);
			runOnlyForDeploymentPostprocessing = 0;
		};
/* End PBXResourcesBuildPhase section */

/* Begin PBXSourcesBuildPhase section */
		64FE47781DD7624F00C67FCC /* Sources */ = {
			isa = PBXSourcesBuildPhase;
			buildActionMask = 2147483647;
			files = (
				64FE47821DD7624F00C67FCC /* ViewController.swift in Sources */,
				64FE47801DD7624F00C67FCC /* AppDelegate.swift in Sources */,
			);
			runOnlyForDeploymentPostprocessing = 0;
		};
		64FE478C1DD7625000C67FCC /* Sources */ = {
			isa = PBXSourcesBuildPhase;
			buildActionMask = 2147483647;
			files = (
				64FE47951DD7625000C67FCC /* BPM_v3Tests.swift in Sources */,
			);
			runOnlyForDeploymentPostprocessing = 0;
		};
		64FE47971DD7625000C67FCC /* Sources */ = {
			isa = PBXSourcesBuildPhase;
			buildActionMask = 2147483647;
			files = (
				64FE47A01DD7625000C67FCC /* BPM_v3UITests.swift in Sources */,
			);
			runOnlyForDeploymentPostprocessing = 0;
		};
/* End PBXSourcesBuildPhase section */

/* Begin PBXTargetDependency section */
		64FE47921DD7625000C67FCC /* PBXTargetDependency */ = {
			isa = PBXTargetDependency;
			target = 64FE477B1DD7624F00C67FCC /* BPM v3 */;
			targetProxy = 64FE47911DD7625000C67FCC /* PBXContainerItemProxy */;
		};
		64FE479D1DD7625000C67FCC /* PBXTargetDependency */ = {
			isa = PBXTargetDependency;
			target = 64FE477B1DD7624F00C67FCC /* BPM v3 */;
			targetProxy = 64FE479C1DD7625000C67FCC /* PBXContainerItemProxy */;
		};
/* End PBXTargetDependency section */

/* Begin PBXVariantGroup section */
		64FE47831DD7624F00C67FCC /* Main.storyboard */ = {
			isa = PBXVariantGroup;
			children = (
				64FE47841DD7624F00C67FCC /* Base */,
			);
			name = Main.storyboard;
			sourceTree = "<group>";
		};
		64FE47881DD7624F00C67FCC /* LaunchScreen.storyboard */ = {
			isa = PBXVariantGroup;
			children = (
				64FE47891DD7624F00C67FCC /* Base */,
			);
			name = LaunchScreen.storyboard;
			sourceTree = "<group>";
		};
/* End PBXVariantGroup section */

/* Begin XCBuildConfiguration section */
		64FE47A21DD7625000C67FCC /* Debug */ = {
			isa = XCBuildConfiguration;
			buildSettings = {
				ALWAYS_SEARCH_USER_PATHS = NO;
				CLANG_ANALYZER_NONNULL = YES;
				CLANG_CXX_LANGUAGE_STANDARD = "gnu++0x";
				CLANG_CXX_LIBRARY = "libc++";
				CLANG_ENABLE_MODULES = YES;
				CLANG_ENABLE_OBJC_ARC = YES;
				CLANG_WARN_BOOL_CONVERSION = YES;
				CLANG_WARN_CONSTANT_CONVERSION = YES;
				CLANG_WARN_DIRECT_OBJC_ISA_USAGE = YES_ERROR;
				CLANG_WARN_DOCUMENTATION_COMMENTS = YES;
				CLANG_WARN_EMPTY_BODY = YES;
				CLANG_WARN_ENUM_CONVERSION = YES;
				CLANG_WARN_INFINITE_RECURSION = YES;
				CLANG_WARN_INT_CONVERSION = YES;
				CLANG_WARN_OBJC_ROOT_CLASS = YES_ERROR;
				CLANG_WARN_SUSPICIOUS_MOVES = YES;
				CLANG_WARN_UNREACHABLE_CODE = YES;
				CLANG_WARN__DUPLICATE_METHOD_MATCH = YES;
				"CODE_SIGN_IDENTITY[sdk=iphoneos*]" = "iPhone Developer";
				COPY_PHASE_STRIP = NO;
				DEBUG_INFORMATION_FORMAT = dwarf;
				ENABLE_STRICT_OBJC_MSGSEND = YES;
				ENABLE_TESTABILITY = YES;
				GCC_C_LANGUAGE_STANDARD = gnu99;
				GCC_DYNAMIC_NO_PIC = NO;
				GCC_NO_COMMON_BLOCKS = YES;
				GCC_OPTIMIZATION_LEVEL = 0;
				GCC_PREPROCESSOR_DEFINITIONS = (
					"DEBUG=1",
					"$(inherited)",
				);
				GCC_WARN_64_TO_32_BIT_CONVERSION = YES;
				GCC_WARN_ABOUT_RETURN_TYPE = YES_ERROR;
				GCC_WARN_UNDECLARED_SELECTOR = YES;
				GCC_WARN_UNINITIALIZED_AUTOS = YES_AGGRESSIVE;
				GCC_WARN_UNUSED_FUNCTION = YES;
				GCC_WARN_UNUSED_VARIABLE = YES;
				IPHONEOS_DEPLOYMENT_TARGET = 10.1;
				MTL_ENABLE_DEBUG_INFO = YES;
				ONLY_ACTIVE_ARCH = YES;
				SDKROOT = iphoneos;
				SWIFT_ACTIVE_COMPILATION_CONDITIONS = DEBUG;
				SWIFT_OPTIMIZATION_LEVEL = "-Onone";
				TARGETED_DEVICE_FAMILY = "1,2";
			};
			name = Debug;
		};
		64FE47A31DD7625000C67FCC /* Release */ = {
			isa = XCBuildConfiguration;
			buildSettings = {
				ALWAYS_SEARCH_USER_PATHS = NO;
				CLANG_ANALYZER_NONNULL = YES;
				CLANG_CXX_LANGUAGE_STANDARD = "gnu++0x";
				CLANG_CXX_LIBRARY = "libc++";
				CLANG_ENABLE_MODULES = YES;
				CLANG_ENABLE_OBJC_ARC = YES;
				CLANG_WARN_BOOL_CONVERSION = YES;
				CLANG_WARN_CONSTANT_CONVERSION = YES;
				CLANG_WARN_DIRECT_OBJC_ISA_USAGE = YES_ERROR;
				CLANG_WARN_DOCUMENTATION_COMMENTS = YES;
				CLANG_WARN_EMPTY_BODY = YES;
				CLANG_WARN_ENUM_CONVERSION = YES;
				CLANG_WARN_INFINITE_RECURSION = YES;
				CLANG_WARN_INT_CONVERSION = YES;
				CLANG_WARN_OBJC_ROOT_CLASS = YES_ERROR;
				CLANG_WARN_SUSPICIOUS_MOVES = YES;
				CLANG_WARN_UNREACHABLE_CODE = YES;
				CLANG_WARN__DUPLICATE_METHOD_MATCH = YES;
				"CODE_SIGN_IDENTITY[sdk=iphoneos*]" = "iPhone Developer";
				COPY_PHASE_STRIP = NO;
				DEBUG_INFORMATION_FORMAT = "dwarf-with-dsym";
				ENABLE_NS_ASSERTIONS = NO;
				ENABLE_STRICT_OBJC_MSGSEND = YES;
				GCC_C_LANGUAGE_STANDARD = gnu99;
				GCC_NO_COMMON_BLOCKS = YES;
				GCC_WARN_64_TO_32_BIT_CONVERSION = YES;
				GCC_WARN_ABOUT_RETURN_TYPE = YES_ERROR;
				GCC_WARN_UNDECLARED_SELECTOR = YES;
				GCC_WARN_UNINITIALIZED_AUTOS = YES_AGGRESSIVE;
				GCC_WARN_UNUSED_FUNCTION = YES;
				GCC_WARN_UNUSED_VARIABLE = YES;
				IPHONEOS_DEPLOYMENT_TARGET = 10.1;
				MTL_ENABLE_DEBUG_INFO = NO;
				SDKROOT = iphoneos;
				SWIFT_OPTIMIZATION_LEVEL = "-Owholemodule";
				TARGETED_DEVICE_FAMILY = "1,2";
				VALIDATE_PRODUCT = YES;
			};
			name = Release;
		};
		64FE47A51DD7625000C67FCC /* Debug */ = {
			isa = XCBuildConfiguration;
			buildSettings = {
				ASSETCATALOG_COMPILER_APPICON_NAME = AppIcon;
				INFOPLIST_FILE = "BPM v3/Info.plist";
				LD_RUNPATH_SEARCH_PATHS = "$(inherited) @executable_path/Frameworks";
				PRODUCT_BUNDLE_IDENTIFIER = "LoopPedal.BPM-v3";
				PRODUCT_NAME = "$(TARGET_NAME)";
				SWIFT_VERSION = 3.0;
			};
			name = Debug;
		};
		64FE47A61DD7625000C67FCC /* Release */ = {
			isa = XCBuildConfiguration;
			buildSettings = {
				ASSETCATALOG_COMPILER_APPICON_NAME = AppIcon;
				INFOPLIST_FILE = "BPM v3/Info.plist";
				LD_RUNPATH_SEARCH_PATHS = "$(inherited) @executable_path/Frameworks";
				PRODUCT_BUNDLE_IDENTIFIER = "LoopPedal.BPM-v3";
				PRODUCT_NAME = "$(TARGET_NAME)";
				SWIFT_VERSION = 3.0;
			};
			name = Release;
		};
		64FE47A81DD7625000C67FCC /* Debug */ = {
			isa = XCBuildConfiguration;
			buildSettings = {
				ALWAYS_EMBED_SWIFT_STANDARD_LIBRARIES = YES;
				BUNDLE_LOADER = "$(TEST_HOST)";
				INFOPLIST_FILE = "BPM v3Tests/Info.plist";
				LD_RUNPATH_SEARCH_PATHS = "$(inherited) @executable_path/Frameworks @loader_path/Frameworks";
				PRODUCT_BUNDLE_IDENTIFIER = "LoopPedal.BPM-v3Tests";
				PRODUCT_NAME = "$(TARGET_NAME)";
				SWIFT_VERSION = 3.0;
				TEST_HOST = "$(BUILT_PRODUCTS_DIR)/BPM v3.app/BPM v3";
			};
			name = Debug;
		};
		64FE47A91DD7625000C67FCC /* Release */ = {
			isa = XCBuildConfiguration;
			buildSettings = {
				ALWAYS_EMBED_SWIFT_STANDARD_LIBRARIES = YES;
				BUNDLE_LOADER = "$(TEST_HOST)";
				INFOPLIST_FILE = "BPM v3Tests/Info.plist";
				LD_RUNPATH_SEARCH_PATHS = "$(inherited) @executable_path/Frameworks @loader_path/Frameworks";
				PRODUCT_BUNDLE_IDENTIFIER = "LoopPedal.BPM-v3Tests";
				PRODUCT_NAME = "$(TARGET_NAME)";
				SWIFT_VERSION = 3.0;
				TEST_HOST = "$(BUILT_PRODUCTS_DIR)/BPM v3.app/BPM v3";
			};
			name = Release;
		};
		64FE47AB1DD7625000C67FCC /* Debug */ = {
			isa = XCBuildConfiguration;
			buildSettings = {
				ALWAYS_EMBED_SWIFT_STANDARD_LIBRARIES = YES;
				INFOPLIST_FILE = "BPM v3UITests/Info.plist";
				LD_RUNPATH_SEARCH_PATHS = "$(inherited) @executable_path/Frameworks @loader_path/Frameworks";
				PRODUCT_BUNDLE_IDENTIFIER = "LoopPedal.BPM-v3UITests";
				PRODUCT_NAME = "$(TARGET_NAME)";
				SWIFT_VERSION = 3.0;
				TEST_TARGET_NAME = "BPM v3";
			};
			name = Debug;
		};
		64FE47AC1DD7625000C67FCC /* Release */ = {
			isa = XCBuildConfiguration;
			buildSettings = {
				ALWAYS_EMBED_SWIFT_STANDARD_LIBRARIES = YES;
				INFOPLIST_FILE = "BPM v3UITests/Info.plist";
				LD_RUNPATH_SEARCH_PATHS = "$(inherited) @executable_path/Frameworks @loader_path/Frameworks";
				PRODUCT_BUNDLE_IDENTIFIER = "LoopPedal.BPM-v3UITests";
				PRODUCT_NAME = "$(TARGET_NAME)";
				SWIFT_VERSION = 3.0;
				TEST_TARGET_NAME = "BPM v3";
			};
			name = Release;
		};
/* End XCBuildConfiguration section */

/* Begin XCConfigurationList section */
		64FE47771DD7624F00C67FCC /* Build configuration list for PBXProject "BPM v3" */ = {
			isa = XCConfigurationList;
			buildConfigurations = (
				64FE47A21DD7625000C67FCC /* Debug */,
				64FE47A31DD7625000C67FCC /* Release */,
			);
			defaultConfigurationIsVisible = 0;
			defaultConfigurationName = Release;
		};
		64FE47A41DD7625000C67FCC /* Build configuration list for PBXNativeTarget "BPM v3" */ = {
			isa = XCConfigurationList;
			buildConfigurations = (
				64FE47A51DD7625000C67FCC /* Debug */,
				64FE47A61DD7625000C67FCC /* Release */,
			);
			defaultConfigurationIsVisible = 0;
		};
		64FE47A71DD7625000C67FCC /* Build configuration list for PBXNativeTarget "BPM v3Tests" */ = {
			isa = XCConfigurationList;
			buildConfigurations = (
				64FE47A81DD7625000C67FCC /* Debug */,
				64FE47A91DD7625000C67FCC /* Release */,
			);
			defaultConfigurationIsVisible = 0;
		};
		64FE47AA1DD7625000C67FCC /* Build configuration list for PBXNativeTarget "BPM v3UITests" */ = {
			isa = XCConfigurationList;
			buildConfigurations = (
				64FE47AB1DD7625000C67FCC /* Debug */,
				64FE47AC1DD7625000C67FCC /* Release */,
			);
			defaultConfigurationIsVisible = 0;
		};
/* End XCConfigurationList section */
	};
	rootObject = 64FE47741DD7624F00C67FCC /* Project object */;
}
