// !$*UTF8*$!
{
	archiveVersion = 1;
	classes = {
	};
	objectVersion = 46;
	objects = {

/* Begin PBXBuildFile section */
		64FB32B51DD82D9900F208FF /* AppDelegate.swift in Sources */ = {isa = PBXBuildFile; fileRef = 64FB32B41DD82D9900F208FF /* AppDelegate.swift */; };
		64FB32B71DD82D9900F208FF /* ViewController.swift in Sources */ = {isa = PBXBuildFile; fileRef = 64FB32B61DD82D9900F208FF /* ViewController.swift */; };
		64FB32B91DD82D9900F208FF /* Assets.xcassets in Resources */ = {isa = PBXBuildFile; fileRef = 64FB32B81DD82D9900F208FF /* Assets.xcassets */; };
		64FB32BC1DD82D9900F208FF /* Main.storyboard in Resources */ = {isa = PBXBuildFile; fileRef = 64FB32BA1DD82D9900F208FF /* Main.storyboard */; };
		64FB32C71DD82D9900F208FF /* BPMTests.swift in Sources */ = {isa = PBXBuildFile; fileRef = 64FB32C61DD82D9900F208FF /* BPMTests.swift */; };
		64FB32D21DD82D9900F208FF /* BPMUITests.swift in Sources */ = {isa = PBXBuildFile; fileRef = 64FB32D11DD82D9900F208FF /* BPMUITests.swift */; };
/* End PBXBuildFile section */

/* Begin PBXContainerItemProxy section */
		64FB32C31DD82D9900F208FF /* PBXContainerItemProxy */ = {
			isa = PBXContainerItemProxy;
			containerPortal = 64FB32A91DD82D9900F208FF /* Project object */;
			proxyType = 1;
			remoteGlobalIDString = 64FB32B01DD82D9900F208FF;
			remoteInfo = BPM;
		};
		64FB32CE1DD82D9900F208FF /* PBXContainerItemProxy */ = {
			isa = PBXContainerItemProxy;
			containerPortal = 64FB32A91DD82D9900F208FF /* Project object */;
			proxyType = 1;
			remoteGlobalIDString = 64FB32B01DD82D9900F208FF;
			remoteInfo = BPM;
		};
/* End PBXContainerItemProxy section */

/* Begin PBXFileReference section */
		64FB32B11DD82D9900F208FF /* BPM.app */ = {isa = PBXFileReference; explicitFileType = wrapper.application; includeInIndex = 0; path = BPM.app; sourceTree = BUILT_PRODUCTS_DIR; };
		64FB32B41DD82D9900F208FF /* AppDelegate.swift */ = {isa = PBXFileReference; lastKnownFileType = sourcecode.swift; path = AppDelegate.swift; sourceTree = "<group>"; };
		64FB32B61DD82D9900F208FF /* ViewController.swift */ = {isa = PBXFileReference; lastKnownFileType = sourcecode.swift; path = ViewController.swift; sourceTree = "<group>"; };
		64FB32B81DD82D9900F208FF /* Assets.xcassets */ = {isa = PBXFileReference; lastKnownFileType = folder.assetcatalog; path = Assets.xcassets; sourceTree = "<group>"; };
		64FB32BB1DD82D9900F208FF /* Base */ = {isa = PBXFileReference; lastKnownFileType = file.storyboard; name = Base; path = Base.lproj/Main.storyboard; sourceTree = "<group>"; };
		64FB32BD1DD82D9900F208FF /* Info.plist */ = {isa = PBXFileReference; lastKnownFileType = text.plist.xml; path = Info.plist; sourceTree = "<group>"; };
		64FB32C21DD82D9900F208FF /* BPMTests.xctest */ = {isa = PBXFileReference; explicitFileType = wrapper.cfbundle; includeInIndex = 0; path = BPMTests.xctest; sourceTree = BUILT_PRODUCTS_DIR; };
		64FB32C61DD82D9900F208FF /* BPMTests.swift */ = {isa = PBXFileReference; lastKnownFileType = sourcecode.swift; path = BPMTests.swift; sourceTree = "<group>"; };
		64FB32C81DD82D9900F208FF /* Info.plist */ = {isa = PBXFileReference; lastKnownFileType = text.plist.xml; path = Info.plist; sourceTree = "<group>"; };
		64FB32CD1DD82D9900F208FF /* BPMUITests.xctest */ = {isa = PBXFileReference; explicitFileType = wrapper.cfbundle; includeInIndex = 0; path = BPMUITests.xctest; sourceTree = BUILT_PRODUCTS_DIR; };
		64FB32D11DD82D9900F208FF /* BPMUITests.swift */ = {isa = PBXFileReference; lastKnownFileType = sourcecode.swift; path = BPMUITests.swift; sourceTree = "<group>"; };
		64FB32D31DD82D9900F208FF /* Info.plist */ = {isa = PBXFileReference; lastKnownFileType = text.plist.xml; path = Info.plist; sourceTree = "<group>"; };
/* End PBXFileReference section */

/* Begin PBXFrameworksBuildPhase section */
		64FB32AE1DD82D9900F208FF /* Frameworks */ = {
			isa = PBXFrameworksBuildPhase;
			buildActionMask = 2147483647;
			files = (
			);
			runOnlyForDeploymentPostprocessing = 0;
		};
		64FB32BF1DD82D9900F208FF /* Frameworks */ = {
			isa = PBXFrameworksBuildPhase;
			buildActionMask = 2147483647;
			files = (
			);
			runOnlyForDeploymentPostprocessing = 0;
		};
		64FB32CA1DD82D9900F208FF /* Frameworks */ = {
			isa = PBXFrameworksBuildPhase;
			buildActionMask = 2147483647;
			files = (
			);
			runOnlyForDeploymentPostprocessing = 0;
		};
/* End PBXFrameworksBuildPhase section */

/* Begin PBXGroup section */
		64FB32A81DD82D9800F208FF = {
			isa = PBXGroup;
			children = (
				64FB32B31DD82D9900F208FF /* BPM */,
				64FB32C51DD82D9900F208FF /* BPMTests */,
				64FB32D01DD82D9900F208FF /* BPMUITests */,
				64FB32B21DD82D9900F208FF /* Products */,
			);
			sourceTree = "<group>";
		};
		64FB32B21DD82D9900F208FF /* Products */ = {
			isa = PBXGroup;
			children = (
				64FB32B11DD82D9900F208FF /* BPM.app */,
				64FB32C21DD82D9900F208FF /* BPMTests.xctest */,
				64FB32CD1DD82D9900F208FF /* BPMUITests.xctest */,
			);
			name = Products;
			sourceTree = "<group>";
		};
		64FB32B31DD82D9900F208FF /* BPM */ = {
			isa = PBXGroup;
			children = (
				64FB32B41DD82D9900F208FF /* AppDelegate.swift */,
				64FB32B61DD82D9900F208FF /* ViewController.swift */,
				64FB32B81DD82D9900F208FF /* Assets.xcassets */,
				64FB32BA1DD82D9900F208FF /* Main.storyboard */,
				64FB32BD1DD82D9900F208FF /* Info.plist */,
			);
			path = BPM;
			sourceTree = "<group>";
		};
		64FB32C51DD82D9900F208FF /* BPMTests */ = {
			isa = PBXGroup;
			children = (
				64FB32C61DD82D9900F208FF /* BPMTests.swift */,
				64FB32C81DD82D9900F208FF /* Info.plist */,
			);
			path = BPMTests;
			sourceTree = "<group>";
		};
		64FB32D01DD82D9900F208FF /* BPMUITests */ = {
			isa = PBXGroup;
			children = (
				64FB32D11DD82D9900F208FF /* BPMUITests.swift */,
				64FB32D31DD82D9900F208FF /* Info.plist */,
			);
			path = BPMUITests;
			sourceTree = "<group>";
		};
/* End PBXGroup section */

/* Begin PBXNativeTarget section */
		64FB32B01DD82D9900F208FF /* BPM */ = {
			isa = PBXNativeTarget;
			buildConfigurationList = 64FB32D61DD82D9900F208FF /* Build configuration list for PBXNativeTarget "BPM" */;
			buildPhases = (
				64FB32AD1DD82D9900F208FF /* Sources */,
				64FB32AE1DD82D9900F208FF /* Frameworks */,
				64FB32AF1DD82D9900F208FF /* Resources */,
			);
			buildRules = (
			);
			dependencies = (
			);
			name = BPM;
			productName = BPM;
			productReference = 64FB32B11DD82D9900F208FF /* BPM.app */;
			productType = "com.apple.product-type.application";
		};
		64FB32C11DD82D9900F208FF /* BPMTests */ = {
			isa = PBXNativeTarget;
			buildConfigurationList = 64FB32D91DD82D9900F208FF /* Build configuration list for PBXNativeTarget "BPMTests" */;
			buildPhases = (
				64FB32BE1DD82D9900F208FF /* Sources */,
				64FB32BF1DD82D9900F208FF /* Frameworks */,
				64FB32C01DD82D9900F208FF /* Resources */,
			);
			buildRules = (
			);
			dependencies = (
				64FB32C41DD82D9900F208FF /* PBXTargetDependency */,
			);
			name = BPMTests;
			productName = BPMTests;
			productReference = 64FB32C21DD82D9900F208FF /* BPMTests.xctest */;
			productType = "com.apple.product-type.bundle.unit-test";
		};
		64FB32CC1DD82D9900F208FF /* BPMUITests */ = {
			isa = PBXNativeTarget;
			buildConfigurationList = 64FB32DC1DD82D9900F208FF /* Build configuration list for PBXNativeTarget "BPMUITests" */;
			buildPhases = (
				64FB32C91DD82D9900F208FF /* Sources */,
				64FB32CA1DD82D9900F208FF /* Frameworks */,
				64FB32CB1DD82D9900F208FF /* Resources */,
			);
			buildRules = (
			);
			dependencies = (
				64FB32CF1DD82D9900F208FF /* PBXTargetDependency */,
			);
			name = BPMUITests;
			productName = BPMUITests;
			productReference = 64FB32CD1DD82D9900F208FF /* BPMUITests.xctest */;
			productType = "com.apple.product-type.bundle.ui-testing";
		};
/* End PBXNativeTarget section */

/* Begin PBXProject section */
		64FB32A91DD82D9900F208FF /* Project object */ = {
			isa = PBXProject;
			attributes = {
				LastSwiftUpdateCheck = 0810;
				LastUpgradeCheck = 0810;
				ORGANIZATIONNAME = "Kelly Huang";
				TargetAttributes = {
					64FB32B01DD82D9900F208FF = {
						CreatedOnToolsVersion = 8.1;
						ProvisioningStyle = Automatic;
					};
					64FB32C11DD82D9900F208FF = {
						CreatedOnToolsVersion = 8.1;
						ProvisioningStyle = Automatic;
						TestTargetID = 64FB32B01DD82D9900F208FF;
					};
					64FB32CC1DD82D9900F208FF = {
						CreatedOnToolsVersion = 8.1;
						ProvisioningStyle = Automatic;
						TestTargetID = 64FB32B01DD82D9900F208FF;
					};
				};
			};
			buildConfigurationList = 64FB32AC1DD82D9900F208FF /* Build configuration list for PBXProject "BPM" */;
			compatibilityVersion = "Xcode 3.2";
			developmentRegion = English;
			hasScannedForEncodings = 0;
			knownRegions = (
				en,
				Base,
			);
			mainGroup = 64FB32A81DD82D9800F208FF;
			productRefGroup = 64FB32B21DD82D9900F208FF /* Products */;
			projectDirPath = "";
			projectRoot = "";
			targets = (
				64FB32B01DD82D9900F208FF /* BPM */,
				64FB32C11DD82D9900F208FF /* BPMTests */,
				64FB32CC1DD82D9900F208FF /* BPMUITests */,
			);
		};
/* End PBXProject section */

/* Begin PBXResourcesBuildPhase section */
		64FB32AF1DD82D9900F208FF /* Resources */ = {
			isa = PBXResourcesBuildPhase;
			buildActionMask = 2147483647;
			files = (
				64FB32B91DD82D9900F208FF /* Assets.xcassets in Resources */,
				64FB32BC1DD82D9900F208FF /* Main.storyboard in Resources */,
			);
			runOnlyForDeploymentPostprocessing = 0;
		};
		64FB32C01DD82D9900F208FF /* Resources */ = {
			isa = PBXResourcesBuildPhase;
			buildActionMask = 2147483647;
			files = (
			);
			runOnlyForDeploymentPostprocessing = 0;
		};
		64FB32CB1DD82D9900F208FF /* Resources */ = {
			isa = PBXResourcesBuildPhase;
			buildActionMask = 2147483647;
			files = (
			);
			runOnlyForDeploymentPostprocessing = 0;
		};
/* End PBXResourcesBuildPhase section */

/* Begin PBXSourcesBuildPhase section */
		64FB32AD1DD82D9900F208FF /* Sources */ = {
			isa = PBXSourcesBuildPhase;
			buildActionMask = 2147483647;
			files = (
				64FB32B71DD82D9900F208FF /* ViewController.swift in Sources */,
				64FB32B51DD82D9900F208FF /* AppDelegate.swift in Sources */,
			);
			runOnlyForDeploymentPostprocessing = 0;
		};
		64FB32BE1DD82D9900F208FF /* Sources */ = {
			isa = PBXSourcesBuildPhase;
			buildActionMask = 2147483647;
			files = (
				64FB32C71DD82D9900F208FF /* BPMTests.swift in Sources */,
			);
			runOnlyForDeploymentPostprocessing = 0;
		};
		64FB32C91DD82D9900F208FF /* Sources */ = {
			isa = PBXSourcesBuildPhase;
			buildActionMask = 2147483647;
			files = (
				64FB32D21DD82D9900F208FF /* BPMUITests.swift in Sources */,
			);
			runOnlyForDeploymentPostprocessing = 0;
		};
/* End PBXSourcesBuildPhase section */

/* Begin PBXTargetDependency section */
		64FB32C41DD82D9900F208FF /* PBXTargetDependency */ = {
			isa = PBXTargetDependency;
			target = 64FB32B01DD82D9900F208FF /* BPM */;
			targetProxy = 64FB32C31DD82D9900F208FF /* PBXContainerItemProxy */;
		};
		64FB32CF1DD82D9900F208FF /* PBXTargetDependency */ = {
			isa = PBXTargetDependency;
			target = 64FB32B01DD82D9900F208FF /* BPM */;
			targetProxy = 64FB32CE1DD82D9900F208FF /* PBXContainerItemProxy */;
		};
/* End PBXTargetDependency section */

/* Begin PBXVariantGroup section */
		64FB32BA1DD82D9900F208FF /* Main.storyboard */ = {
			isa = PBXVariantGroup;
			children = (
				64FB32BB1DD82D9900F208FF /* Base */,
			);
			name = Main.storyboard;
			sourceTree = "<group>";
		};
/* End PBXVariantGroup section */

/* Begin XCBuildConfiguration section */
		64FB32D41DD82D9900F208FF /* Debug */ = {
			isa = XCBuildConfiguration;
			buildSettings = {
				ALWAYS_SEARCH_USER_PATHS = NO;
				CLANG_ANALYZER_NONNULL = YES;
				CLANG_CXX_LANGUAGE_STANDARD = "gnu++0x";
				CLANG_CXX_LIBRARY = "libc++";
				CLANG_ENABLE_MODULES = YES;
				CLANG_ENABLE_OBJC_ARC = YES;
				CLANG_WARN_BOOL_CONVERSION = YES;
				CLANG_WARN_CONSTANT_CONVERSION = YES;
				CLANG_WARN_DIRECT_OBJC_ISA_USAGE = YES_ERROR;
				CLANG_WARN_DOCUMENTATION_COMMENTS = YES;
				CLANG_WARN_EMPTY_BODY = YES;
				CLANG_WARN_ENUM_CONVERSION = YES;
				CLANG_WARN_INFINITE_RECURSION = YES;
				CLANG_WARN_INT_CONVERSION = YES;
				CLANG_WARN_OBJC_ROOT_CLASS = YES_ERROR;
				CLANG_WARN_SUSPICIOUS_MOVES = YES;
				CLANG_WARN_UNREACHABLE_CODE = YES;
				CLANG_WARN__DUPLICATE_METHOD_MATCH = YES;
				CODE_SIGN_IDENTITY = "-";
				COPY_PHASE_STRIP = NO;
				DEBUG_INFORMATION_FORMAT = dwarf;
				ENABLE_STRICT_OBJC_MSGSEND = YES;
				ENABLE_TESTABILITY = YES;
				GCC_C_LANGUAGE_STANDARD = gnu99;
				GCC_DYNAMIC_NO_PIC = NO;
				GCC_NO_COMMON_BLOCKS = YES;
				GCC_OPTIMIZATION_LEVEL = 0;
				GCC_PREPROCESSOR_DEFINITIONS = (
					"DEBUG=1",
					"$(inherited)",
				);
				GCC_WARN_64_TO_32_BIT_CONVERSION = YES;
				GCC_WARN_ABOUT_RETURN_TYPE = YES_ERROR;
				GCC_WARN_UNDECLARED_SELECTOR = YES;
				GCC_WARN_UNINITIALIZED_AUTOS = YES_AGGRESSIVE;
				GCC_WARN_UNUSED_FUNCTION = YES;
				GCC_WARN_UNUSED_VARIABLE = YES;
				MACOSX_DEPLOYMENT_TARGET = 10.11;
				MTL_ENABLE_DEBUG_INFO = YES;
				ONLY_ACTIVE_ARCH = YES;
				SDKROOT = macosx;
				SWIFT_ACTIVE_COMPILATION_CONDITIONS = DEBUG;
				SWIFT_OPTIMIZATION_LEVEL = "-Onone";
			};
			name = Debug;
		};
		64FB32D51DD82D9900F208FF /* Release */ = {
			isa = XCBuildConfiguration;
			buildSettings = {
				ALWAYS_SEARCH_USER_PATHS = NO;
				CLANG_ANALYZER_NONNULL = YES;
				CLANG_CXX_LANGUAGE_STANDARD = "gnu++0x";
				CLANG_CXX_LIBRARY = "libc++";
				CLANG_ENABLE_MODULES = YES;
				CLANG_ENABLE_OBJC_ARC = YES;
				CLANG_WARN_BOOL_CONVERSION = YES;
				CLANG_WARN_CONSTANT_CONVERSION = YES;
				CLANG_WARN_DIRECT_OBJC_ISA_USAGE = YES_ERROR;
				CLANG_WARN_DOCUMENTATION_COMMENTS = YES;
				CLANG_WARN_EMPTY_BODY = YES;
				CLANG_WARN_ENUM_CONVERSION = YES;
				CLANG_WARN_INFINITE_RECURSION = YES;
				CLANG_WARN_INT_CONVERSION = YES;
				CLANG_WARN_OBJC_ROOT_CLASS = YES_ERROR;
				CLANG_WARN_SUSPICIOUS_MOVES = YES;
				CLANG_WARN_UNREACHABLE_CODE = YES;
				CLANG_WARN__DUPLICATE_METHOD_MATCH = YES;
				CODE_SIGN_IDENTITY = "-";
				COPY_PHASE_STRIP = NO;
				DEBUG_INFORMATION_FORMAT = "dwarf-with-dsym";
				ENABLE_NS_ASSERTIONS = NO;
				ENABLE_STRICT_OBJC_MSGSEND = YES;
				GCC_C_LANGUAGE_STANDARD = gnu99;
				GCC_NO_COMMON_BLOCKS = YES;
				GCC_WARN_64_TO_32_BIT_CONVERSION = YES;
				GCC_WARN_ABOUT_RETURN_TYPE = YES_ERROR;
				GCC_WARN_UNDECLARED_SELECTOR = YES;
				GCC_WARN_UNINITIALIZED_AUTOS = YES_AGGRESSIVE;
				GCC_WARN_UNUSED_FUNCTION = YES;
				GCC_WARN_UNUSED_VARIABLE = YES;
				MACOSX_DEPLOYMENT_TARGET = 10.11;
				MTL_ENABLE_DEBUG_INFO = NO;
				SDKROOT = macosx;
				SWIFT_OPTIMIZATION_LEVEL = "-Owholemodule";
			};
			name = Release;
		};
		64FB32D71DD82D9900F208FF /* Debug */ = {
			isa = XCBuildConfiguration;
			buildSettings = {
				ASSETCATALOG_COMPILER_APPICON_NAME = AppIcon;
				COMBINE_HIDPI_IMAGES = YES;
				INFOPLIST_FILE = BPM/Info.plist;
				LD_RUNPATH_SEARCH_PATHS = "$(inherited) @executable_path/../Frameworks";
				PRODUCT_BUNDLE_IDENTIFIER = LoopPedal.BPM;
				PRODUCT_NAME = "$(TARGET_NAME)";
				SWIFT_VERSION = 3.0;
			};
			name = Debug;
		};
		64FB32D81DD82D9900F208FF /* Release */ = {
			isa = XCBuildConfiguration;
			buildSettings = {
				ASSETCATALOG_COMPILER_APPICON_NAME = AppIcon;
				COMBINE_HIDPI_IMAGES = YES;
				INFOPLIST_FILE = BPM/Info.plist;
				LD_RUNPATH_SEARCH_PATHS = "$(inherited) @executable_path/../Frameworks";
				PRODUCT_BUNDLE_IDENTIFIER = LoopPedal.BPM;
				PRODUCT_NAME = "$(TARGET_NAME)";
				SWIFT_VERSION = 3.0;
			};
			name = Release;
		};
		64FB32DA1DD82D9900F208FF /* Debug */ = {
			isa = XCBuildConfiguration;
			buildSettings = {
				ALWAYS_EMBED_SWIFT_STANDARD_LIBRARIES = YES;
				BUNDLE_LOADER = "$(TEST_HOST)";
				COMBINE_HIDPI_IMAGES = YES;
				INFOPLIST_FILE = BPMTests/Info.plist;
				LD_RUNPATH_SEARCH_PATHS = "$(inherited) @executable_path/../Frameworks @loader_path/../Frameworks";
				PRODUCT_BUNDLE_IDENTIFIER = LoopPedal.BPMTests;
				PRODUCT_NAME = "$(TARGET_NAME)";
				SWIFT_VERSION = 3.0;
				TEST_HOST = "$(BUILT_PRODUCTS_DIR)/BPM.app/Contents/MacOS/BPM";
			};
			name = Debug;
		};
		64FB32DB1DD82D9900F208FF /* Release */ = {
			isa = XCBuildConfiguration;
			buildSettings = {
				ALWAYS_EMBED_SWIFT_STANDARD_LIBRARIES = YES;
				BUNDLE_LOADER = "$(TEST_HOST)";
				COMBINE_HIDPI_IMAGES = YES;
				INFOPLIST_FILE = BPMTests/Info.plist;
				LD_RUNPATH_SEARCH_PATHS = "$(inherited) @executable_path/../Frameworks @loader_path/../Frameworks";
				PRODUCT_BUNDLE_IDENTIFIER = LoopPedal.BPMTests;
				PRODUCT_NAME = "$(TARGET_NAME)";
				SWIFT_VERSION = 3.0;
				TEST_HOST = "$(BUILT_PRODUCTS_DIR)/BPM.app/Contents/MacOS/BPM";
			};
			name = Release;
		};
		64FB32DD1DD82D9900F208FF /* Debug */ = {
			isa = XCBuildConfiguration;
			buildSettings = {
				ALWAYS_EMBED_SWIFT_STANDARD_LIBRARIES = YES;
				COMBINE_HIDPI_IMAGES = YES;
				INFOPLIST_FILE = BPMUITests/Info.plist;
				LD_RUNPATH_SEARCH_PATHS = "$(inherited) @executable_path/../Frameworks @loader_path/../Frameworks";
				PRODUCT_BUNDLE_IDENTIFIER = LoopPedal.BPMUITests;
				PRODUCT_NAME = "$(TARGET_NAME)";
				SWIFT_VERSION = 3.0;
				TEST_TARGET_NAME = BPM;
			};
			name = Debug;
		};
		64FB32DE1DD82D9900F208FF /* Release */ = {
			isa = XCBuildConfiguration;
			buildSettings = {
				ALWAYS_EMBED_SWIFT_STANDARD_LIBRARIES = YES;
				COMBINE_HIDPI_IMAGES = YES;
				INFOPLIST_FILE = BPMUITests/Info.plist;
				LD_RUNPATH_SEARCH_PATHS = "$(inherited) @executable_path/../Frameworks @loader_path/../Frameworks";
				PRODUCT_BUNDLE_IDENTIFIER = LoopPedal.BPMUITests;
				PRODUCT_NAME = "$(TARGET_NAME)";
				SWIFT_VERSION = 3.0;
				TEST_TARGET_NAME = BPM;
			};
			name = Release;
		};
/* End XCBuildConfiguration section */

/* Begin XCConfigurationList section */
		64FB32AC1DD82D9900F208FF /* Build configuration list for PBXProject "BPM" */ = {
			isa = XCConfigurationList;
			buildConfigurations = (
				64FB32D41DD82D9900F208FF /* Debug */,
				64FB32D51DD82D9900F208FF /* Release */,
			);
			defaultConfigurationIsVisible = 0;
			defaultConfigurationName = Release;
		};
		64FB32D61DD82D9900F208FF /* Build configuration list for PBXNativeTarget "BPM" */ = {
			isa = XCConfigurationList;
			buildConfigurations = (
				64FB32D71DD82D9900F208FF /* Debug */,
				64FB32D81DD82D9900F208FF /* Release */,
			);
			defaultConfigurationIsVisible = 0;
		};
		64FB32D91DD82D9900F208FF /* Build configuration list for PBXNativeTarget "BPMTests" */ = {
			isa = XCConfigurationList;
			buildConfigurations = (
				64FB32DA1DD82D9900F208FF /* Debug */,
				64FB32DB1DD82D9900F208FF /* Release */,
			);
			defaultConfigurationIsVisible = 0;
		};
		64FB32DC1DD82D9900F208FF /* Build configuration list for PBXNativeTarget "BPMUITests" */ = {
			isa = XCConfigurationList;
			buildConfigurations = (
				64FB32DD1DD82D9900F208FF /* Debug */,
				64FB32DE1DD82D9900F208FF /* Release */,
			);
			defaultConfigurationIsVisible = 0;
		};
/* End XCConfigurationList section */
	};
	rootObject = 64FB32A91DD82D9900F208FF /* Project object */;
}
